
Microsoft Visual Studio Solution File, Format Version 12.00
# Visual Studio 15
VisualStudioVersion = 15.0.28307.960
MinimumVisualStudioVersion = 10.0.40219.1
Project("{FAE04EC0-301F-11D3-BF4B-00C04F79EFBC}") = "AnimationManager", "AnimationManager\AnimationManager.csproj", "{D8B680EF-1E12-4C3D-B42F-54EFB55E6FF4}"
EndProject
Global
	GlobalSection(SolutionConfigurationPlatforms) = preSolution
		Debug|Any CPU = Debug|Any CPU
		Debug|x86 = Debug|x86
		Release|Any CPU = Release|Any CPU
		Release|x86 = Release|x86
	EndGlobalSection
	GlobalSection(ProjectConfigurationPlatforms) = postSolution
		{D8B680EF-1E12-4C3D-B42F-54EFB55E6FF4}.Debug|Any CPU.ActiveCfg = Debug|Any CPU
		{D8B680EF-1E12-4C3D-B42F-54EFB55E6FF4}.Debug|Any CPU.Build.0 = Debug|Any CPU
		{D8B680EF-1E12-4C3D-B42F-54EFB55E6FF4}.Debug|x86.ActiveCfg = Debug|Any CPU
		{D8B680EF-1E12-4C3D-B42F-54EFB55E6FF4}.Debug|x86.Build.0 = Debug|Any CPU
		{D8B680EF-1E12-4C3D-B42F-54EFB55E6FF4}.Release|Any CPU.ActiveCfg = Release|Any CPU
		{D8B680EF-1E12-4C3D-B42F-54EFB55E6FF4}.Release|Any CPU.Build.0 = Release|Any CPU
		{D8B680EF-1E12-4C3D-B42F-54EFB55E6FF4}.Release|x86.ActiveCfg = Release|Any CPU
		{D8B680EF-1E12-4C3D-B42F-54EFB55E6FF4}.Release|x86.Build.0 = Release|Any CPU
	EndGlobalSection
	GlobalSection(SolutionProperties) = preSolution
		HideSolutionNode = FALSE
	EndGlobalSection
	GlobalSection(ExtensibilityGlobals) = postSolution
		SolutionGuid = {08EBA782-7AFA-42C8-A6EB-27276BABA78E}
	EndGlobalSection
EndGlobal
